
Microsoft Visual Studio Solution File, Format Version 12.00
# Visual Studio Version 16
VisualStudioVersion = 16.0.30128.74
MinimumVisualStudioVersion = 10.0.40219.1
Project("{FAE04EC0-301F-11D3-BF4B-00C04F79EFBC}") = "JokesWebApp", "JokesWebApp\JokesWebApp.csproj", "{AB733DA7-444E-4CFE-998E-18F255025CAE}"
EndProject
Global
	GlobalSection(SolutionConfigurationPlatforms) = preSolution
		Debug|Any CPU = Debug|Any CPU
		Release|Any CPU = Release|Any CPU
	EndGlobalSection
	GlobalSection(ProjectConfigurationPlatforms) = postSolution
		{AB733DA7-444E-4CFE-998E-18F255025CAE}.Debug|Any CPU.ActiveCfg = Debug|Any CPU
		{AB733DA7-444E-4CFE-998E-18F255025CAE}.Debug|Any CPU.Build.0 = Debug|Any CPU
		{AB733DA7-444E-4CFE-998E-18F255025CAE}.Release|Any CPU.ActiveCfg = Release|Any CPU
		{AB733DA7-444E-4CFE-998E-18F255025CAE}.Release|Any CPU.Build.0 = Release|Any CPU
	EndGlobalSection
	GlobalSection(SolutionProperties) = preSolution
		HideSolutionNode = FALSE
	EndGlobalSection
	GlobalSection(ExtensibilityGlobals) = postSolution
		SolutionGuid = {DBCCF12B-8299-4736-A5D9-3D117C07EFA1}
	EndGlobalSection
EndGlobal
